
Microsoft Visual Studio Solution File, Format Version 12.00
# Visual Studio Version 17
VisualStudioVersion = 17.0.31903.59
MinimumVisualStudioVersion = 10.0.40219.1
Project("{FAE04EC0-301F-11D3-BF4B-00C04F79EFBC}") = "VapeCache.Abstractions", "VapeCache.Abstractions\VapeCache.Abstractions.csproj", "{99C083FF-776F-4B93-96DE-75CA6EBA323F}"
EndProject
Project("{FAE04EC0-301F-11D3-BF4B-00C04F79EFBC}") = "VapeCache.Application", "VapeCache.Application\VapeCache.Application.csproj", "{8676C275-4019-40D6-9311-8F9203161FD8}"
EndProject
Project("{FAE04EC0-301F-11D3-BF4B-00C04F79EFBC}") = "VapeCache.Infrastructure", "VapeCache.Infrastructure\VapeCache.Infrastructure.csproj", "{483A9128-F297-4A01-9E68-3498BC73BAD7}"
EndProject
Project("{FAE04EC0-301F-11D3-BF4B-00C04F79EFBC}") = "VapeCache.Console", "VapeCache.Console\VapeCache.Console.csproj", "{1EBD75DC-5D3C-47C0-B198-5DFFDA16DC5A}"
EndProject
Project("{FAE04EC0-301F-11D3-BF4B-00C04F79EFBC}") = "VapeCache.Tests", "VapeCache.Tests\VapeCache.Tests.csproj", "{20F108C6-5CA0-49C7-850E-7F1CFFD70B83}"
EndProject
Project("{FAE04EC0-301F-11D3-BF4B-00C04F79EFBC}") = "VapeCache.Benchmarks", "VapeCache.Benchmarks\VapeCache.Benchmarks.csproj", "{C76E03BA-1CCC-4130-8B2F-D9D93C2A6809}"
EndProject
Project("{FAE04EC0-301F-11D3-BF4B-00C04F79EFBC}") = "VapeCache.Core", "VapeCache.Core\VapeCache.Core.csproj", "{C974347F-443D-4D51-8601-6DCF5E3E4334}"
EndProject
Project("{FAE04EC0-301F-11D3-BF4B-00C04F79EFBC}") = "VapeCache.Extensions.Aspire", "VapeCache.Extensions.Aspire\VapeCache.Extensions.Aspire.csproj", "{6234C7AF-32C6-476C-9F94-32C198E78671}"
EndProject
Project("{FAE04EC0-301F-11D3-BF4B-00C04F79EFBC}") = "VapeCache.Sample", "samples\VapeCache.Sample\VapeCache.Sample.csproj", "{5C8DA374-3733-4BDD-AA8D-65A001BDEF4B}"
EndProject
Project("{FAE04EC0-301F-11D3-BF4B-00C04F79EFBC}") = "VapeCache.Licensing", "VapeCache.Licensing\VapeCache.Licensing.csproj", "{9036AE39-E6C0-4108-911F-DE0777643E69}"
EndProject
Project("{FAE04EC0-301F-11D3-BF4B-00C04F79EFBC}") = "VapeCache.LicenseGenerator", "VapeCache.LicenseGenerator\VapeCache.LicenseGenerator.csproj", "{1BD1ADBB-0B89-4E9D-84A7-E8B76169E366}"
EndProject
Project("{FAE04EC0-301F-11D3-BF4B-00C04F79EFBC}") = "VapeCache.Persistence", "VapeCache.Persistence\VapeCache.Persistence.csproj", "{94168A16-2FC1-42CB-8C32-4BC870D7F7C2}"
EndProject
Project("{FAE04EC0-301F-11D3-BF4B-00C04F79EFBC}") = "VapeCache.Reconciliation", "VapeCache.Reconciliation\VapeCache.Reconciliation.csproj", "{663A2E4F-4121-45E0-B14F-E52B71FCC8F9}"
EndProject
Project("{FAE04EC0-301F-11D3-BF4B-00C04F79EFBC}") = "VapeCache.Licensing.ControlPlane", "VapeCache.Licensing.ControlPlane\VapeCache.Licensing.ControlPlane.csproj", "{6763221D-747F-4D10-9CD6-1AFB9E4A3650}"
EndProject
Project("{FAE04EC0-301F-11D3-BF4B-00C04F79EFBC}") = "VapeCache.Extensions.AspNetCore", "VapeCache.Extensions.AspNetCore\VapeCache.Extensions.AspNetCore.csproj", "{69553AA1-2697-4F61-B109-FA558349AEC6}"
EndProject
Project("{2150E333-8FDC-42A3-9474-1A3956D46DE8}") = "Benchmarks", "Benchmarks", "{62EEDFE7-31F2-8D6D-47ED-5A278EA97888}"
EndProject
Project("{FAE04EC0-301F-11D3-BF4B-00C04F79EFBC}") = "VapeCache.Benchmarks.Runner", "VapeCache.Benchmarks\VapeCache.Benchmarks.Runner.csproj", "{AB43EF02-01D2-4887-901A-60ED8592C5DE}"
EndProject
Project("{FAE04EC0-301F-11D3-BF4B-00C04F79EFBC}") = "VapeCache.PerfGates.Tests", "VapeCache.PerfGates.Tests\VapeCache.PerfGates.Tests.csproj", "{12D7C508-A65C-4A05-AC67-E38F059D044B}"
EndProject
Project("{FAE04EC0-301F-11D3-BF4B-00C04F79EFBC}") = "VapeCache.ApiTests", "VapeCache.ApiTests\VapeCache.ApiTests.csproj", "{096D6436-CCE9-491E-B96A-A66077D7D2AF}"
EndProject
Global
	GlobalSection(SolutionConfigurationPlatforms) = preSolution
		Debug|Any CPU = Debug|Any CPU
		Debug|x64 = Debug|x64
		Debug|x86 = Debug|x86
		Release|Any CPU = Release|Any CPU
		Release|x64 = Release|x64
		Release|x86 = Release|x86
	EndGlobalSection
	GlobalSection(ProjectConfigurationPlatforms) = postSolution
		{99C083FF-776F-4B93-96DE-75CA6EBA323F}.Debug|Any CPU.ActiveCfg = Debug|Any CPU
		{99C083FF-776F-4B93-96DE-75CA6EBA323F}.Debug|Any CPU.Build.0 = Debug|Any CPU
		{99C083FF-776F-4B93-96DE-75CA6EBA323F}.Debug|x64.ActiveCfg = Debug|Any CPU
		{99C083FF-776F-4B93-96DE-75CA6EBA323F}.Debug|x64.Build.0 = Debug|Any CPU
		{99C083FF-776F-4B93-96DE-75CA6EBA323F}.Debug|x86.ActiveCfg = Debug|Any CPU
		{99C083FF-776F-4B93-96DE-75CA6EBA323F}.Debug|x86.Build.0 = Debug|Any CPU
		{99C083FF-776F-4B93-96DE-75CA6EBA323F}.Release|Any CPU.ActiveCfg = Release|Any CPU
		{99C083FF-776F-4B93-96DE-75CA6EBA323F}.Release|Any CPU.Build.0 = Release|Any CPU
		{99C083FF-776F-4B93-96DE-75CA6EBA323F}.Release|x64.ActiveCfg = Release|Any CPU
		{99C083FF-776F-4B93-96DE-75CA6EBA323F}.Release|x64.Build.0 = Release|Any CPU
		{99C083FF-776F-4B93-96DE-75CA6EBA323F}.Release|x86.ActiveCfg = Release|Any CPU
		{99C083FF-776F-4B93-96DE-75CA6EBA323F}.Release|x86.Build.0 = Release|Any CPU
		{8676C275-4019-40D6-9311-8F9203161FD8}.Debug|Any CPU.ActiveCfg = Debug|Any CPU
		{8676C275-4019-40D6-9311-8F9203161FD8}.Debug|Any CPU.Build.0 = Debug|Any CPU
		{8676C275-4019-40D6-9311-8F9203161FD8}.Debug|x64.ActiveCfg = Debug|Any CPU
		{8676C275-4019-40D6-9311-8F9203161FD8}.Debug|x64.Build.0 = Debug|Any CPU
		{8676C275-4019-40D6-9311-8F9203161FD8}.Debug|x86.ActiveCfg = Debug|Any CPU
		{8676C275-4019-40D6-9311-8F9203161FD8}.Debug|x86.Build.0 = Debug|Any CPU
		{8676C275-4019-40D6-9311-8F9203161FD8}.Release|Any CPU.ActiveCfg = Release|Any CPU
		{8676C275-4019-40D6-9311-8F9203161FD8}.Release|Any CPU.Build.0 = Release|Any CPU
		{8676C275-4019-40D6-9311-8F9203161FD8}.Release|x64.ActiveCfg = Release|Any CPU
		{8676C275-4019-40D6-9311-8F9203161FD8}.Release|x64.Build.0 = Release|Any CPU
		{8676C275-4019-40D6-9311-8F9203161FD8}.Release|x86.ActiveCfg = Release|Any CPU
		{8676C275-4019-40D6-9311-8F9203161FD8}.Release|x86.Build.0 = Release|Any CPU
		{483A9128-F297-4A01-9E68-3498BC73BAD7}.Debug|Any CPU.ActiveCfg = Debug|Any CPU
		{483A9128-F297-4A01-9E68-3498BC73BAD7}.Debug|Any CPU.Build.0 = Debug|Any CPU
		{483A9128-F297-4A01-9E68-3498BC73BAD7}.Debug|x64.ActiveCfg = Debug|Any CPU
		{483A9128-F297-4A01-9E68-3498BC73BAD7}.Debug|x64.Build.0 = Debug|Any CPU
		{483A9128-F297-4A01-9E68-3498BC73BAD7}.Debug|x86.ActiveCfg = Debug|Any CPU
		{483A9128-F297-4A01-9E68-3498BC73BAD7}.Debug|x86.Build.0 = Debug|Any CPU
		{483A9128-F297-4A01-9E68-3498BC73BAD7}.Release|Any CPU.ActiveCfg = Release|Any CPU
		{483A9128-F297-4A01-9E68-3498BC73BAD7}.Release|Any CPU.Build.0 = Release|Any CPU
		{483A9128-F297-4A01-9E68-3498BC73BAD7}.Release|x64.ActiveCfg = Release|Any CPU
		{483A9128-F297-4A01-9E68-3498BC73BAD7}.Release|x64.Build.0 = Release|Any CPU
		{483A9128-F297-4A01-9E68-3498BC73BAD7}.Release|x86.ActiveCfg = Release|Any CPU
		{483A9128-F297-4A01-9E68-3498BC73BAD7}.Release|x86.Build.0 = Release|Any CPU
		{1EBD75DC-5D3C-47C0-B198-5DFFDA16DC5A}.Debug|Any CPU.ActiveCfg = Debug|Any CPU
		{1EBD75DC-5D3C-47C0-B198-5DFFDA16DC5A}.Debug|Any CPU.Build.0 = Debug|Any CPU
		{1EBD75DC-5D3C-47C0-B198-5DFFDA16DC5A}.Debug|x64.ActiveCfg = Debug|Any CPU
		{1EBD75DC-5D3C-47C0-B198-5DFFDA16DC5A}.Debug|x64.Build.0 = Debug|Any CPU
		{1EBD75DC-5D3C-47C0-B198-5DFFDA16DC5A}.Debug|x86.ActiveCfg = Debug|Any CPU
		{1EBD75DC-5D3C-47C0-B198-5DFFDA16DC5A}.Debug|x86.Build.0 = Debug|Any CPU
		{1EBD75DC-5D3C-47C0-B198-5DFFDA16DC5A}.Release|Any CPU.ActiveCfg = Release|Any CPU
		{1EBD75DC-5D3C-47C0-B198-5DFFDA16DC5A}.Release|Any CPU.Build.0 = Release|Any CPU
		{1EBD75DC-5D3C-47C0-B198-5DFFDA16DC5A}.Release|x64.ActiveCfg = Release|Any CPU
		{1EBD75DC-5D3C-47C0-B198-5DFFDA16DC5A}.Release|x64.Build.0 = Release|Any CPU
		{1EBD75DC-5D3C-47C0-B198-5DFFDA16DC5A}.Release|x86.ActiveCfg = Release|Any CPU
		{1EBD75DC-5D3C-47C0-B198-5DFFDA16DC5A}.Release|x86.Build.0 = Release|Any CPU
		{20F108C6-5CA0-49C7-850E-7F1CFFD70B83}.Debug|Any CPU.ActiveCfg = Debug|Any CPU
		{20F108C6-5CA0-49C7-850E-7F1CFFD70B83}.Debug|Any CPU.Build.0 = Debug|Any CPU
		{20F108C6-5CA0-49C7-850E-7F1CFFD70B83}.Debug|x64.ActiveCfg = Debug|Any CPU
		{20F108C6-5CA0-49C7-850E-7F1CFFD70B83}.Debug|x64.Build.0 = Debug|Any CPU
		{20F108C6-5CA0-49C7-850E-7F1CFFD70B83}.Debug|x86.ActiveCfg = Debug|Any CPU
		{20F108C6-5CA0-49C7-850E-7F1CFFD70B83}.Debug|x86.Build.0 = Debug|Any CPU
		{20F108C6-5CA0-49C7-850E-7F1CFFD70B83}.Release|Any CPU.ActiveCfg = Release|Any CPU
		{20F108C6-5CA0-49C7-850E-7F1CFFD70B83}.Release|Any CPU.Build.0 = Release|Any CPU
		{20F108C6-5CA0-49C7-850E-7F1CFFD70B83}.Release|x64.ActiveCfg = Release|Any CPU
		{20F108C6-5CA0-49C7-850E-7F1CFFD70B83}.Release|x64.Build.0 = Release|Any CPU
		{20F108C6-5CA0-49C7-850E-7F1CFFD70B83}.Release|x86.ActiveCfg = Release|Any CPU
		{20F108C6-5CA0-49C7-850E-7F1CFFD70B83}.Release|x86.Build.0 = Release|Any CPU
		{C76E03BA-1CCC-4130-8B2F-D9D93C2A6809}.Debug|Any CPU.ActiveCfg = Debug|Any CPU
		{C76E03BA-1CCC-4130-8B2F-D9D93C2A6809}.Debug|Any CPU.Build.0 = Debug|Any CPU
		{C76E03BA-1CCC-4130-8B2F-D9D93C2A6809}.Debug|x64.ActiveCfg = Debug|Any CPU
		{C76E03BA-1CCC-4130-8B2F-D9D93C2A6809}.Debug|x64.Build.0 = Debug|Any CPU
		{C76E03BA-1CCC-4130-8B2F-D9D93C2A6809}.Debug|x86.ActiveCfg = Debug|Any CPU
		{C76E03BA-1CCC-4130-8B2F-D9D93C2A6809}.Debug|x86.Build.0 = Debug|Any CPU
		{C76E03BA-1CCC-4130-8B2F-D9D93C2A6809}.Release|Any CPU.ActiveCfg = Release|Any CPU
		{C76E03BA-1CCC-4130-8B2F-D9D93C2A6809}.Release|Any CPU.Build.0 = Release|Any CPU
		{C76E03BA-1CCC-4130-8B2F-D9D93C2A6809}.Release|x64.ActiveCfg = Release|Any CPU
		{C76E03BA-1CCC-4130-8B2F-D9D93C2A6809}.Release|x64.Build.0 = Release|Any CPU
		{C76E03BA-1CCC-4130-8B2F-D9D93C2A6809}.Release|x86.ActiveCfg = Release|Any CPU
		{C76E03BA-1CCC-4130-8B2F-D9D93C2A6809}.Release|x86.Build.0 = Release|Any CPU
		{C974347F-443D-4D51-8601-6DCF5E3E4334}.Debug|Any CPU.ActiveCfg = Debug|Any CPU
		{C974347F-443D-4D51-8601-6DCF5E3E4334}.Debug|Any CPU.Build.0 = Debug|Any CPU
		{C974347F-443D-4D51-8601-6DCF5E3E4334}.Debug|x64.ActiveCfg = Debug|Any CPU
		{C974347F-443D-4D51-8601-6DCF5E3E4334}.Debug|x64.Build.0 = Debug|Any CPU
		{C974347F-443D-4D51-8601-6DCF5E3E4334}.Debug|x86.ActiveCfg = Debug|Any CPU
		{C974347F-443D-4D51-8601-6DCF5E3E4334}.Debug|x86.Build.0 = Debug|Any CPU
		{C974347F-443D-4D51-8601-6DCF5E3E4334}.Release|Any CPU.ActiveCfg = Release|Any CPU
		{C974347F-443D-4D51-8601-6DCF5E3E4334}.Release|Any CPU.Build.0 = Release|Any CPU
		{C974347F-443D-4D51-8601-6DCF5E3E4334}.Release|x64.ActiveCfg = Release|Any CPU
		{C974347F-443D-4D51-8601-6DCF5E3E4334}.Release|x64.Build.0 = Release|Any CPU
		{C974347F-443D-4D51-8601-6DCF5E3E4334}.Release|x86.ActiveCfg = Release|Any CPU
		{C974347F-443D-4D51-8601-6DCF5E3E4334}.Release|x86.Build.0 = Release|Any CPU
		{6234C7AF-32C6-476C-9F94-32C198E78671}.Debug|Any CPU.ActiveCfg = Debug|Any CPU
		{6234C7AF-32C6-476C-9F94-32C198E78671}.Debug|Any CPU.Build.0 = Debug|Any CPU
		{6234C7AF-32C6-476C-9F94-32C198E78671}.Debug|x64.ActiveCfg = Debug|Any CPU
		{6234C7AF-32C6-476C-9F94-32C198E78671}.Debug|x64.Build.0 = Debug|Any CPU
		{6234C7AF-32C6-476C-9F94-32C198E78671}.Debug|x86.ActiveCfg = Debug|Any CPU
		{6234C7AF-32C6-476C-9F94-32C198E78671}.Debug|x86.Build.0 = Debug|Any CPU
		{6234C7AF-32C6-476C-9F94-32C198E78671}.Release|Any CPU.ActiveCfg = Release|Any CPU
		{6234C7AF-32C6-476C-9F94-32C198E78671}.Release|Any CPU.Build.0 = Release|Any CPU
		{6234C7AF-32C6-476C-9F94-32C198E78671}.Release|x64.ActiveCfg = Release|Any CPU
		{6234C7AF-32C6-476C-9F94-32C198E78671}.Release|x64.Build.0 = Release|Any CPU
		{6234C7AF-32C6-476C-9F94-32C198E78671}.Release|x86.ActiveCfg = Release|Any CPU
		{6234C7AF-32C6-476C-9F94-32C198E78671}.Release|x86.Build.0 = Release|Any CPU
		{5C8DA374-3733-4BDD-AA8D-65A001BDEF4B}.Debug|Any CPU.ActiveCfg = Debug|Any CPU
		{5C8DA374-3733-4BDD-AA8D-65A001BDEF4B}.Debug|Any CPU.Build.0 = Debug|Any CPU
		{5C8DA374-3733-4BDD-AA8D-65A001BDEF4B}.Debug|x64.ActiveCfg = Debug|Any CPU
		{5C8DA374-3733-4BDD-AA8D-65A001BDEF4B}.Debug|x64.Build.0 = Debug|Any CPU
		{5C8DA374-3733-4BDD-AA8D-65A001BDEF4B}.Debug|x86.ActiveCfg = Debug|Any CPU
		{5C8DA374-3733-4BDD-AA8D-65A001BDEF4B}.Debug|x86.Build.0 = Debug|Any CPU
		{5C8DA374-3733-4BDD-AA8D-65A001BDEF4B}.Release|Any CPU.ActiveCfg = Release|Any CPU
		{5C8DA374-3733-4BDD-AA8D-65A001BDEF4B}.Release|Any CPU.Build.0 = Release|Any CPU
		{5C8DA374-3733-4BDD-AA8D-65A001BDEF4B}.Release|x64.ActiveCfg = Release|Any CPU
		{5C8DA374-3733-4BDD-AA8D-65A001BDEF4B}.Release|x64.Build.0 = Release|Any CPU
		{5C8DA374-3733-4BDD-AA8D-65A001BDEF4B}.Release|x86.ActiveCfg = Release|Any CPU
		{5C8DA374-3733-4BDD-AA8D-65A001BDEF4B}.Release|x86.Build.0 = Release|Any CPU
		{9036AE39-E6C0-4108-911F-DE0777643E69}.Debug|Any CPU.ActiveCfg = Debug|Any CPU
		{9036AE39-E6C0-4108-911F-DE0777643E69}.Debug|Any CPU.Build.0 = Debug|Any CPU
		{9036AE39-E6C0-4108-911F-DE0777643E69}.Debug|x64.ActiveCfg = Debug|Any CPU
		{9036AE39-E6C0-4108-911F-DE0777643E69}.Debug|x64.Build.0 = Debug|Any CPU
		{9036AE39-E6C0-4108-911F-DE0777643E69}.Debug|x86.ActiveCfg = Debug|Any CPU
		{9036AE39-E6C0-4108-911F-DE0777643E69}.Debug|x86.Build.0 = Debug|Any CPU
		{9036AE39-E6C0-4108-911F-DE0777643E69}.Release|Any CPU.ActiveCfg = Release|Any CPU
		{9036AE39-E6C0-4108-911F-DE0777643E69}.Release|Any CPU.Build.0 = Release|Any CPU
		{9036AE39-E6C0-4108-911F-DE0777643E69}.Release|x64.ActiveCfg = Release|Any CPU
		{9036AE39-E6C0-4108-911F-DE0777643E69}.Release|x64.Build.0 = Release|Any CPU
		{9036AE39-E6C0-4108-911F-DE0777643E69}.Release|x86.ActiveCfg = Release|Any CPU
		{9036AE39-E6C0-4108-911F-DE0777643E69}.Release|x86.Build.0 = Release|Any CPU
		{1BD1ADBB-0B89-4E9D-84A7-E8B76169E366}.Debug|Any CPU.ActiveCfg = Debug|Any CPU
		{1BD1ADBB-0B89-4E9D-84A7-E8B76169E366}.Debug|Any CPU.Build.0 = Debug|Any CPU
		{1BD1ADBB-0B89-4E9D-84A7-E8B76169E366}.Debug|x64.ActiveCfg = Debug|Any CPU
		{1BD1ADBB-0B89-4E9D-84A7-E8B76169E366}.Debug|x64.Build.0 = Debug|Any CPU
		{1BD1ADBB-0B89-4E9D-84A7-E8B76169E366}.Debug|x86.ActiveCfg = Debug|Any CPU
		{1BD1ADBB-0B89-4E9D-84A7-E8B76169E366}.Debug|x86.Build.0 = Debug|Any CPU
		{1BD1ADBB-0B89-4E9D-84A7-E8B76169E366}.Release|Any CPU.ActiveCfg = Release|Any CPU
		{1BD1ADBB-0B89-4E9D-84A7-E8B76169E366}.Release|Any CPU.Build.0 = Release|Any CPU
		{1BD1ADBB-0B89-4E9D-84A7-E8B76169E366}.Release|x64.ActiveCfg = Release|Any CPU
		{1BD1ADBB-0B89-4E9D-84A7-E8B76169E366}.Release|x64.Build.0 = Release|Any CPU
		{1BD1ADBB-0B89-4E9D-84A7-E8B76169E366}.Release|x86.ActiveCfg = Release|Any CPU
		{1BD1ADBB-0B89-4E9D-84A7-E8B76169E366}.Release|x86.Build.0 = Release|Any CPU
		{94168A16-2FC1-42CB-8C32-4BC870D7F7C2}.Debug|Any CPU.ActiveCfg = Debug|Any CPU
		{94168A16-2FC1-42CB-8C32-4BC870D7F7C2}.Debug|Any CPU.Build.0 = Debug|Any CPU
		{94168A16-2FC1-42CB-8C32-4BC870D7F7C2}.Debug|x64.ActiveCfg = Debug|Any CPU
		{94168A16-2FC1-42CB-8C32-4BC870D7F7C2}.Debug|x64.Build.0 = Debug|Any CPU
		{94168A16-2FC1-42CB-8C32-4BC870D7F7C2}.Debug|x86.ActiveCfg = Debug|Any CPU
		{94168A16-2FC1-42CB-8C32-4BC870D7F7C2}.Debug|x86.Build.0 = Debug|Any CPU
		{94168A16-2FC1-42CB-8C32-4BC870D7F7C2}.Release|Any CPU.ActiveCfg = Release|Any CPU
		{94168A16-2FC1-42CB-8C32-4BC870D7F7C2}.Release|Any CPU.Build.0 = Release|Any CPU
		{94168A16-2FC1-42CB-8C32-4BC870D7F7C2}.Release|x64.ActiveCfg = Release|Any CPU
		{94168A16-2FC1-42CB-8C32-4BC870D7F7C2}.Release|x64.Build.0 = Release|Any CPU
		{94168A16-2FC1-42CB-8C32-4BC870D7F7C2}.Release|x86.ActiveCfg = Release|Any CPU
		{94168A16-2FC1-42CB-8C32-4BC870D7F7C2}.Release|x86.Build.0 = Release|Any CPU
		{663A2E4F-4121-45E0-B14F-E52B71FCC8F9}.Debug|Any CPU.ActiveCfg = Debug|Any CPU
		{663A2E4F-4121-45E0-B14F-E52B71FCC8F9}.Debug|Any CPU.Build.0 = Debug|Any CPU
		{663A2E4F-4121-45E0-B14F-E52B71FCC8F9}.Debug|x64.ActiveCfg = Debug|Any CPU
		{663A2E4F-4121-45E0-B14F-E52B71FCC8F9}.Debug|x64.Build.0 = Debug|Any CPU
		{663A2E4F-4121-45E0-B14F-E52B71FCC8F9}.Debug|x86.ActiveCfg = Debug|Any CPU
		{663A2E4F-4121-45E0-B14F-E52B71FCC8F9}.Debug|x86.Build.0 = Debug|Any CPU
		{663A2E4F-4121-45E0-B14F-E52B71FCC8F9}.Release|Any CPU.ActiveCfg = Release|Any CPU
		{663A2E4F-4121-45E0-B14F-E52B71FCC8F9}.Release|Any CPU.Build.0 = Release|Any CPU
		{663A2E4F-4121-45E0-B14F-E52B71FCC8F9}.Release|x64.ActiveCfg = Release|Any CPU
		{663A2E4F-4121-45E0-B14F-E52B71FCC8F9}.Release|x64.Build.0 = Release|Any CPU
		{663A2E4F-4121-45E0-B14F-E52B71FCC8F9}.Release|x86.ActiveCfg = Release|Any CPU
		{663A2E4F-4121-45E0-B14F-E52B71FCC8F9}.Release|x86.Build.0 = Release|Any CPU
		{6763221D-747F-4D10-9CD6-1AFB9E4A3650}.Debug|Any CPU.ActiveCfg = Debug|Any CPU
		{6763221D-747F-4D10-9CD6-1AFB9E4A3650}.Debug|Any CPU.Build.0 = Debug|Any CPU
		{6763221D-747F-4D10-9CD6-1AFB9E4A3650}.Debug|x64.ActiveCfg = Debug|Any CPU
		{6763221D-747F-4D10-9CD6-1AFB9E4A3650}.Debug|x64.Build.0 = Debug|Any CPU
		{6763221D-747F-4D10-9CD6-1AFB9E4A3650}.Debug|x86.ActiveCfg = Debug|Any CPU
		{6763221D-747F-4D10-9CD6-1AFB9E4A3650}.Debug|x86.Build.0 = Debug|Any CPU
		{6763221D-747F-4D10-9CD6-1AFB9E4A3650}.Release|Any CPU.ActiveCfg = Release|Any CPU
		{6763221D-747F-4D10-9CD6-1AFB9E4A3650}.Release|Any CPU.Build.0 = Release|Any CPU
		{6763221D-747F-4D10-9CD6-1AFB9E4A3650}.Release|x64.ActiveCfg = Release|Any CPU
		{6763221D-747F-4D10-9CD6-1AFB9E4A3650}.Release|x64.Build.0 = Release|Any CPU
		{6763221D-747F-4D10-9CD6-1AFB9E4A3650}.Release|x86.ActiveCfg = Release|Any CPU
		{6763221D-747F-4D10-9CD6-1AFB9E4A3650}.Release|x86.Build.0 = Release|Any CPU
		{69553AA1-2697-4F61-B109-FA558349AEC6}.Debug|Any CPU.ActiveCfg = Debug|Any CPU
		{69553AA1-2697-4F61-B109-FA558349AEC6}.Debug|Any CPU.Build.0 = Debug|Any CPU
		{69553AA1-2697-4F61-B109-FA558349AEC6}.Debug|x64.ActiveCfg = Debug|Any CPU
		{69553AA1-2697-4F61-B109-FA558349AEC6}.Debug|x64.Build.0 = Debug|Any CPU
		{69553AA1-2697-4F61-B109-FA558349AEC6}.Debug|x86.ActiveCfg = Debug|Any CPU
		{69553AA1-2697-4F61-B109-FA558349AEC6}.Debug|x86.Build.0 = Debug|Any CPU
		{69553AA1-2697-4F61-B109-FA558349AEC6}.Release|Any CPU.ActiveCfg = Release|Any CPU
		{69553AA1-2697-4F61-B109-FA558349AEC6}.Release|Any CPU.Build.0 = Release|Any CPU
		{69553AA1-2697-4F61-B109-FA558349AEC6}.Release|x64.ActiveCfg = Release|Any CPU
		{69553AA1-2697-4F61-B109-FA558349AEC6}.Release|x64.Build.0 = Release|Any CPU
		{69553AA1-2697-4F61-B109-FA558349AEC6}.Release|x86.ActiveCfg = Release|Any CPU
		{69553AA1-2697-4F61-B109-FA558349AEC6}.Release|x86.Build.0 = Release|Any CPU
		{AB43EF02-01D2-4887-901A-60ED8592C5DE}.Debug|Any CPU.ActiveCfg = Debug|Any CPU
		{AB43EF02-01D2-4887-901A-60ED8592C5DE}.Debug|Any CPU.Build.0 = Debug|Any CPU
		{AB43EF02-01D2-4887-901A-60ED8592C5DE}.Debug|x64.ActiveCfg = Debug|Any CPU
		{AB43EF02-01D2-4887-901A-60ED8592C5DE}.Debug|x64.Build.0 = Debug|Any CPU
		{AB43EF02-01D2-4887-901A-60ED8592C5DE}.Debug|x86.ActiveCfg = Debug|Any CPU
		{AB43EF02-01D2-4887-901A-60ED8592C5DE}.Debug|x86.Build.0 = Debug|Any CPU
		{AB43EF02-01D2-4887-901A-60ED8592C5DE}.Release|Any CPU.ActiveCfg = Release|Any CPU
		{AB43EF02-01D2-4887-901A-60ED8592C5DE}.Release|Any CPU.Build.0 = Release|Any CPU
		{AB43EF02-01D2-4887-901A-60ED8592C5DE}.Release|x64.ActiveCfg = Release|Any CPU
		{AB43EF02-01D2-4887-901A-60ED8592C5DE}.Release|x64.Build.0 = Release|Any CPU
		{AB43EF02-01D2-4887-901A-60ED8592C5DE}.Release|x86.ActiveCfg = Release|Any CPU
		{AB43EF02-01D2-4887-901A-60ED8592C5DE}.Release|x86.Build.0 = Release|Any CPU
		{12D7C508-A65C-4A05-AC67-E38F059D044B}.Debug|Any CPU.ActiveCfg = Debug|Any CPU
		{12D7C508-A65C-4A05-AC67-E38F059D044B}.Debug|Any CPU.Build.0 = Debug|Any CPU
		{12D7C508-A65C-4A05-AC67-E38F059D044B}.Debug|x64.ActiveCfg = Debug|Any CPU
		{12D7C508-A65C-4A05-AC67-E38F059D044B}.Debug|x64.Build.0 = Debug|Any CPU
		{12D7C508-A65C-4A05-AC67-E38F059D044B}.Debug|x86.ActiveCfg = Debug|Any CPU
		{12D7C508-A65C-4A05-AC67-E38F059D044B}.Debug|x86.Build.0 = Debug|Any CPU
		{12D7C508-A65C-4A05-AC67-E38F059D044B}.Release|Any CPU.ActiveCfg = Release|Any CPU
		{12D7C508-A65C-4A05-AC67-E38F059D044B}.Release|Any CPU.Build.0 = Release|Any CPU
		{12D7C508-A65C-4A05-AC67-E38F059D044B}.Release|x64.ActiveCfg = Release|Any CPU
		{12D7C508-A65C-4A05-AC67-E38F059D044B}.Release|x64.Build.0 = Release|Any CPU
		{12D7C508-A65C-4A05-AC67-E38F059D044B}.Release|x86.ActiveCfg = Release|Any CPU
		{12D7C508-A65C-4A05-AC67-E38F059D044B}.Release|x86.Build.0 = Release|Any CPU
		{096D6436-CCE9-491E-B96A-A66077D7D2AF}.Debug|Any CPU.ActiveCfg = Debug|Any CPU
		{096D6436-CCE9-491E-B96A-A66077D7D2AF}.Debug|Any CPU.Build.0 = Debug|Any CPU
		{096D6436-CCE9-491E-B96A-A66077D7D2AF}.Debug|x64.ActiveCfg = Debug|Any CPU
		{096D6436-CCE9-491E-B96A-A66077D7D2AF}.Debug|x64.Build.0 = Debug|Any CPU
		{096D6436-CCE9-491E-B96A-A66077D7D2AF}.Debug|x86.ActiveCfg = Debug|Any CPU
		{096D6436-CCE9-491E-B96A-A66077D7D2AF}.Debug|x86.Build.0 = Debug|Any CPU
		{096D6436-CCE9-491E-B96A-A66077D7D2AF}.Release|Any CPU.ActiveCfg = Release|Any CPU
		{096D6436-CCE9-491E-B96A-A66077D7D2AF}.Release|Any CPU.Build.0 = Release|Any CPU
		{096D6436-CCE9-491E-B96A-A66077D7D2AF}.Release|x64.ActiveCfg = Release|Any CPU
		{096D6436-CCE9-491E-B96A-A66077D7D2AF}.Release|x64.Build.0 = Release|Any CPU
		{096D6436-CCE9-491E-B96A-A66077D7D2AF}.Release|x86.ActiveCfg = Release|Any CPU
		{096D6436-CCE9-491E-B96A-A66077D7D2AF}.Release|x86.Build.0 = Release|Any CPU
	EndGlobalSection
	GlobalSection(SolutionProperties) = preSolution
		HideSolutionNode = FALSE
	EndGlobalSection
	GlobalSection(NestedProjects) = preSolution
		{AB43EF02-01D2-4887-901A-60ED8592C5DE} = {62EEDFE7-31F2-8D6D-47ED-5A278EA97888}
	EndGlobalSection
EndGlobal
