
Microsoft Visual Studio Solution File, Format Version 12.00
# Visual Studio Version 17
VisualStudioVersion = 17.0.31903.59
MinimumVisualStudioVersion = 10.0.40219.1
Project("{FAE04EC0-301F-11D3-BF4B-00C04F79EFBC}") = "VapeCache.Abstractions", "VapeCache.Abstractions\VapeCache.Abstractions.csproj", "{35F5BB17-E346-4BE3-9525-02975B92BD2C}"
EndProject
Project("{FAE04EC0-301F-11D3-BF4B-00C04F79EFBC}") = "VapeCache.Core", "VapeCache.Core\VapeCache.Core.csproj", "{BCB0DEF9-A91B-4569-9D99-DA6FAB809209}"
EndProject
Project("{FAE04EC0-301F-11D3-BF4B-00C04F79EFBC}") = "VapeCache.AppHost", "VapeCache.AppHost\VapeCache.AppHost.csproj", "{07B94F3B-99EF-42C1-8BEC-54C433C239D0}"
EndProject
Project("{FAE04EC0-301F-11D3-BF4B-00C04F79EFBC}") = "VapeCache.Console", "VapeCache.Console\VapeCache.Console.csproj", "{38B6ECC1-F12E-4414-B525-6E99F5E65B6F}"
EndProject
Project("{FAE04EC0-301F-11D3-BF4B-00C04F79EFBC}") = "VapeCache.Infrastructure", "VapeCache.Infrastructure\VapeCache.Infrastructure.csproj", "{EF141CA4-9195-466F-90FF-06280B66C612}"
EndProject
Project("{FAE04EC0-301F-11D3-BF4B-00C04F79EFBC}") = "VapeCache.UI", "VapeCache.UI\VapeCache.UI.csproj", "{738508BC-88B6-4316-B433-0DC04BB2AE59}"
EndProject
Project("{FAE04EC0-301F-11D3-BF4B-00C04F79EFBC}") = "VapeCache.Extensions.Aspire", "VapeCache.Extensions.Aspire\VapeCache.Extensions.Aspire.csproj", "{F62E0DED-089C-43ED-B9F3-38FDF8FE260A}"
EndProject
Project("{FAE04EC0-301F-11D3-BF4B-00C04F79EFBC}") = "VapeCache.Extensions.AspNetCore", "VapeCache.Extensions.AspNetCore\VapeCache.Extensions.AspNetCore.csproj", "{40C730AC-F330-48CF-813B-87DE5D7D69EF}"
EndProject
Project("{FAE04EC0-301F-11D3-BF4B-00C04F79EFBC}") = "VapeCache.ServiceDefaults", "VapeCache.ServiceDefaults\VapeCache.ServiceDefaults.csproj", "{916DDECE-DA72-4FCE-813B-866C8EE50079}"
EndProject
Project("{FAE04EC0-301F-11D3-BF4B-00C04F79EFBC}") = "VapeCache.Application", "VapeCache.Application\VapeCache.Application.csproj", "{9BE8828F-9205-4546-95F7-E13DEA4388D6}"
EndProject
Project("{FAE04EC0-301F-11D3-BF4B-00C04F79EFBC}") = "VapeCache.Features.Invalidation", "VapeCache.Features.Invalidation\VapeCache.Features.Invalidation.csproj", "{884ADA6C-9BF0-46B7-BAA2-BE504ABF380A}"
EndProject
Project("{FAE04EC0-301F-11D3-BF4B-00C04F79EFBC}") = "VapeCache.Benchmarks", "VapeCache.Benchmarks\VapeCache.Benchmarks.csproj", "{515FA09F-B96D-4B98-AA52-60E845BBDF52}"
EndProject
Project("{2150E333-8FDC-42A3-9474-1A3956D46DE8}") = "VapeCache.Benchmarks", "VapeCache.Benchmarks", "{62EEDFE7-31F2-8D6D-47ED-5A278EA97888}"
EndProject
Project("{FAE04EC0-301F-11D3-BF4B-00C04F79EFBC}") = "VapeCache.Benchmarks.Runner", "VapeCache.Benchmarks\VapeCache.Benchmarks.Runner.csproj", "{18D36AE1-561A-492F-9870-8ADD3899ABE1}"
EndProject
Project("{FAE04EC0-301F-11D3-BF4B-00C04F79EFBC}") = "VapeCache.PerfGates.Tests", "VapeCache.PerfGates.Tests\VapeCache.PerfGates.Tests.csproj", "{C52BF508-68B2-4069-A30D-69A226454DC9}"
EndProject
Project("{FAE04EC0-301F-11D3-BF4B-00C04F79EFBC}") = "VapeCache.Tests", "VapeCache.Tests\VapeCache.Tests.csproj", "{7FD4CF51-91B8-46D8-AD69-18BF6964CA85}"
EndProject
Global
	GlobalSection(SolutionConfigurationPlatforms) = preSolution
		Debug|Any CPU = Debug|Any CPU
		Debug|x64 = Debug|x64
		Debug|x86 = Debug|x86
		Release|Any CPU = Release|Any CPU
		Release|x64 = Release|x64
		Release|x86 = Release|x86
	EndGlobalSection
	GlobalSection(ProjectConfigurationPlatforms) = postSolution
		{35F5BB17-E346-4BE3-9525-02975B92BD2C}.Debug|Any CPU.ActiveCfg = Debug|Any CPU
		{35F5BB17-E346-4BE3-9525-02975B92BD2C}.Debug|Any CPU.Build.0 = Debug|Any CPU
		{35F5BB17-E346-4BE3-9525-02975B92BD2C}.Debug|x64.ActiveCfg = Debug|Any CPU
		{35F5BB17-E346-4BE3-9525-02975B92BD2C}.Debug|x64.Build.0 = Debug|Any CPU
		{35F5BB17-E346-4BE3-9525-02975B92BD2C}.Debug|x86.ActiveCfg = Debug|Any CPU
		{35F5BB17-E346-4BE3-9525-02975B92BD2C}.Debug|x86.Build.0 = Debug|Any CPU
		{35F5BB17-E346-4BE3-9525-02975B92BD2C}.Release|Any CPU.ActiveCfg = Release|Any CPU
		{35F5BB17-E346-4BE3-9525-02975B92BD2C}.Release|Any CPU.Build.0 = Release|Any CPU
		{35F5BB17-E346-4BE3-9525-02975B92BD2C}.Release|x64.ActiveCfg = Release|Any CPU
		{35F5BB17-E346-4BE3-9525-02975B92BD2C}.Release|x64.Build.0 = Release|Any CPU
		{35F5BB17-E346-4BE3-9525-02975B92BD2C}.Release|x86.ActiveCfg = Release|Any CPU
		{35F5BB17-E346-4BE3-9525-02975B92BD2C}.Release|x86.Build.0 = Release|Any CPU
		{BCB0DEF9-A91B-4569-9D99-DA6FAB809209}.Debug|Any CPU.ActiveCfg = Debug|Any CPU
		{BCB0DEF9-A91B-4569-9D99-DA6FAB809209}.Debug|Any CPU.Build.0 = Debug|Any CPU
		{BCB0DEF9-A91B-4569-9D99-DA6FAB809209}.Debug|x64.ActiveCfg = Debug|Any CPU
		{BCB0DEF9-A91B-4569-9D99-DA6FAB809209}.Debug|x64.Build.0 = Debug|Any CPU
		{BCB0DEF9-A91B-4569-9D99-DA6FAB809209}.Debug|x86.ActiveCfg = Debug|Any CPU
		{BCB0DEF9-A91B-4569-9D99-DA6FAB809209}.Debug|x86.Build.0 = Debug|Any CPU
		{BCB0DEF9-A91B-4569-9D99-DA6FAB809209}.Release|Any CPU.ActiveCfg = Release|Any CPU
		{BCB0DEF9-A91B-4569-9D99-DA6FAB809209}.Release|Any CPU.Build.0 = Release|Any CPU
		{BCB0DEF9-A91B-4569-9D99-DA6FAB809209}.Release|x64.ActiveCfg = Release|Any CPU
		{BCB0DEF9-A91B-4569-9D99-DA6FAB809209}.Release|x64.Build.0 = Release|Any CPU
		{BCB0DEF9-A91B-4569-9D99-DA6FAB809209}.Release|x86.ActiveCfg = Release|Any CPU
		{BCB0DEF9-A91B-4569-9D99-DA6FAB809209}.Release|x86.Build.0 = Release|Any CPU
		{07B94F3B-99EF-42C1-8BEC-54C433C239D0}.Debug|Any CPU.ActiveCfg = Debug|Any CPU
		{07B94F3B-99EF-42C1-8BEC-54C433C239D0}.Debug|Any CPU.Build.0 = Debug|Any CPU
		{07B94F3B-99EF-42C1-8BEC-54C433C239D0}.Debug|x64.ActiveCfg = Debug|Any CPU
		{07B94F3B-99EF-42C1-8BEC-54C433C239D0}.Debug|x64.Build.0 = Debug|Any CPU
		{07B94F3B-99EF-42C1-8BEC-54C433C239D0}.Debug|x86.ActiveCfg = Debug|Any CPU
		{07B94F3B-99EF-42C1-8BEC-54C433C239D0}.Debug|x86.Build.0 = Debug|Any CPU
		{07B94F3B-99EF-42C1-8BEC-54C433C239D0}.Release|Any CPU.ActiveCfg = Release|Any CPU
		{07B94F3B-99EF-42C1-8BEC-54C433C239D0}.Release|Any CPU.Build.0 = Release|Any CPU
		{07B94F3B-99EF-42C1-8BEC-54C433C239D0}.Release|x64.ActiveCfg = Release|Any CPU
		{07B94F3B-99EF-42C1-8BEC-54C433C239D0}.Release|x64.Build.0 = Release|Any CPU
		{07B94F3B-99EF-42C1-8BEC-54C433C239D0}.Release|x86.ActiveCfg = Release|Any CPU
		{07B94F3B-99EF-42C1-8BEC-54C433C239D0}.Release|x86.Build.0 = Release|Any CPU
		{38B6ECC1-F12E-4414-B525-6E99F5E65B6F}.Debug|Any CPU.ActiveCfg = Debug|Any CPU
		{38B6ECC1-F12E-4414-B525-6E99F5E65B6F}.Debug|Any CPU.Build.0 = Debug|Any CPU
		{38B6ECC1-F12E-4414-B525-6E99F5E65B6F}.Debug|x64.ActiveCfg = Debug|Any CPU
		{38B6ECC1-F12E-4414-B525-6E99F5E65B6F}.Debug|x64.Build.0 = Debug|Any CPU
		{38B6ECC1-F12E-4414-B525-6E99F5E65B6F}.Debug|x86.ActiveCfg = Debug|Any CPU
		{38B6ECC1-F12E-4414-B525-6E99F5E65B6F}.Debug|x86.Build.0 = Debug|Any CPU
		{38B6ECC1-F12E-4414-B525-6E99F5E65B6F}.Release|Any CPU.ActiveCfg = Release|Any CPU
		{38B6ECC1-F12E-4414-B525-6E99F5E65B6F}.Release|Any CPU.Build.0 = Release|Any CPU
		{38B6ECC1-F12E-4414-B525-6E99F5E65B6F}.Release|x64.ActiveCfg = Release|Any CPU
		{38B6ECC1-F12E-4414-B525-6E99F5E65B6F}.Release|x64.Build.0 = Release|Any CPU
		{38B6ECC1-F12E-4414-B525-6E99F5E65B6F}.Release|x86.ActiveCfg = Release|Any CPU
		{38B6ECC1-F12E-4414-B525-6E99F5E65B6F}.Release|x86.Build.0 = Release|Any CPU
		{EF141CA4-9195-466F-90FF-06280B66C612}.Debug|Any CPU.ActiveCfg = Debug|Any CPU
		{EF141CA4-9195-466F-90FF-06280B66C612}.Debug|Any CPU.Build.0 = Debug|Any CPU
		{EF141CA4-9195-466F-90FF-06280B66C612}.Debug|x64.ActiveCfg = Debug|Any CPU
		{EF141CA4-9195-466F-90FF-06280B66C612}.Debug|x64.Build.0 = Debug|Any CPU
		{EF141CA4-9195-466F-90FF-06280B66C612}.Debug|x86.ActiveCfg = Debug|Any CPU
		{EF141CA4-9195-466F-90FF-06280B66C612}.Debug|x86.Build.0 = Debug|Any CPU
		{EF141CA4-9195-466F-90FF-06280B66C612}.Release|Any CPU.ActiveCfg = Release|Any CPU
		{EF141CA4-9195-466F-90FF-06280B66C612}.Release|Any CPU.Build.0 = Release|Any CPU
		{EF141CA4-9195-466F-90FF-06280B66C612}.Release|x64.ActiveCfg = Release|Any CPU
		{EF141CA4-9195-466F-90FF-06280B66C612}.Release|x64.Build.0 = Release|Any CPU
		{EF141CA4-9195-466F-90FF-06280B66C612}.Release|x86.ActiveCfg = Release|Any CPU
		{EF141CA4-9195-466F-90FF-06280B66C612}.Release|x86.Build.0 = Release|Any CPU
		{738508BC-88B6-4316-B433-0DC04BB2AE59}.Debug|Any CPU.ActiveCfg = Debug|Any CPU
		{738508BC-88B6-4316-B433-0DC04BB2AE59}.Debug|Any CPU.Build.0 = Debug|Any CPU
		{738508BC-88B6-4316-B433-0DC04BB2AE59}.Debug|x64.ActiveCfg = Debug|Any CPU
		{738508BC-88B6-4316-B433-0DC04BB2AE59}.Debug|x64.Build.0 = Debug|Any CPU
		{738508BC-88B6-4316-B433-0DC04BB2AE59}.Debug|x86.ActiveCfg = Debug|Any CPU
		{738508BC-88B6-4316-B433-0DC04BB2AE59}.Debug|x86.Build.0 = Debug|Any CPU
		{738508BC-88B6-4316-B433-0DC04BB2AE59}.Release|Any CPU.ActiveCfg = Release|Any CPU
		{738508BC-88B6-4316-B433-0DC04BB2AE59}.Release|Any CPU.Build.0 = Release|Any CPU
		{738508BC-88B6-4316-B433-0DC04BB2AE59}.Release|x64.ActiveCfg = Release|Any CPU
		{738508BC-88B6-4316-B433-0DC04BB2AE59}.Release|x64.Build.0 = Release|Any CPU
		{738508BC-88B6-4316-B433-0DC04BB2AE59}.Release|x86.ActiveCfg = Release|Any CPU
		{738508BC-88B6-4316-B433-0DC04BB2AE59}.Release|x86.Build.0 = Release|Any CPU
		{F62E0DED-089C-43ED-B9F3-38FDF8FE260A}.Debug|Any CPU.ActiveCfg = Debug|Any CPU
		{F62E0DED-089C-43ED-B9F3-38FDF8FE260A}.Debug|Any CPU.Build.0 = Debug|Any CPU
		{F62E0DED-089C-43ED-B9F3-38FDF8FE260A}.Debug|x64.ActiveCfg = Debug|Any CPU
		{F62E0DED-089C-43ED-B9F3-38FDF8FE260A}.Debug|x64.Build.0 = Debug|Any CPU
		{F62E0DED-089C-43ED-B9F3-38FDF8FE260A}.Debug|x86.ActiveCfg = Debug|Any CPU
		{F62E0DED-089C-43ED-B9F3-38FDF8FE260A}.Debug|x86.Build.0 = Debug|Any CPU
		{F62E0DED-089C-43ED-B9F3-38FDF8FE260A}.Release|Any CPU.ActiveCfg = Release|Any CPU
		{F62E0DED-089C-43ED-B9F3-38FDF8FE260A}.Release|Any CPU.Build.0 = Release|Any CPU
		{F62E0DED-089C-43ED-B9F3-38FDF8FE260A}.Release|x64.ActiveCfg = Release|Any CPU
		{F62E0DED-089C-43ED-B9F3-38FDF8FE260A}.Release|x64.Build.0 = Release|Any CPU
		{F62E0DED-089C-43ED-B9F3-38FDF8FE260A}.Release|x86.ActiveCfg = Release|Any CPU
		{F62E0DED-089C-43ED-B9F3-38FDF8FE260A}.Release|x86.Build.0 = Release|Any CPU
		{40C730AC-F330-48CF-813B-87DE5D7D69EF}.Debug|Any CPU.ActiveCfg = Debug|Any CPU
		{40C730AC-F330-48CF-813B-87DE5D7D69EF}.Debug|Any CPU.Build.0 = Debug|Any CPU
		{40C730AC-F330-48CF-813B-87DE5D7D69EF}.Debug|x64.ActiveCfg = Debug|Any CPU
		{40C730AC-F330-48CF-813B-87DE5D7D69EF}.Debug|x64.Build.0 = Debug|Any CPU
		{40C730AC-F330-48CF-813B-87DE5D7D69EF}.Debug|x86.ActiveCfg = Debug|Any CPU
		{40C730AC-F330-48CF-813B-87DE5D7D69EF}.Debug|x86.Build.0 = Debug|Any CPU
		{40C730AC-F330-48CF-813B-87DE5D7D69EF}.Release|Any CPU.ActiveCfg = Release|Any CPU
		{40C730AC-F330-48CF-813B-87DE5D7D69EF}.Release|Any CPU.Build.0 = Release|Any CPU
		{40C730AC-F330-48CF-813B-87DE5D7D69EF}.Release|x64.ActiveCfg = Release|Any CPU
		{40C730AC-F330-48CF-813B-87DE5D7D69EF}.Release|x64.Build.0 = Release|Any CPU
		{40C730AC-F330-48CF-813B-87DE5D7D69EF}.Release|x86.ActiveCfg = Release|Any CPU
		{40C730AC-F330-48CF-813B-87DE5D7D69EF}.Release|x86.Build.0 = Release|Any CPU
		{916DDECE-DA72-4FCE-813B-866C8EE50079}.Debug|Any CPU.ActiveCfg = Debug|Any CPU
		{916DDECE-DA72-4FCE-813B-866C8EE50079}.Debug|Any CPU.Build.0 = Debug|Any CPU
		{916DDECE-DA72-4FCE-813B-866C8EE50079}.Debug|x64.ActiveCfg = Debug|Any CPU
		{916DDECE-DA72-4FCE-813B-866C8EE50079}.Debug|x64.Build.0 = Debug|Any CPU
		{916DDECE-DA72-4FCE-813B-866C8EE50079}.Debug|x86.ActiveCfg = Debug|Any CPU
		{916DDECE-DA72-4FCE-813B-866C8EE50079}.Debug|x86.Build.0 = Debug|Any CPU
		{916DDECE-DA72-4FCE-813B-866C8EE50079}.Release|Any CPU.ActiveCfg = Release|Any CPU
		{916DDECE-DA72-4FCE-813B-866C8EE50079}.Release|Any CPU.Build.0 = Release|Any CPU
		{916DDECE-DA72-4FCE-813B-866C8EE50079}.Release|x64.ActiveCfg = Release|Any CPU
		{916DDECE-DA72-4FCE-813B-866C8EE50079}.Release|x64.Build.0 = Release|Any CPU
		{916DDECE-DA72-4FCE-813B-866C8EE50079}.Release|x86.ActiveCfg = Release|Any CPU
		{916DDECE-DA72-4FCE-813B-866C8EE50079}.Release|x86.Build.0 = Release|Any CPU
		{9BE8828F-9205-4546-95F7-E13DEA4388D6}.Debug|Any CPU.ActiveCfg = Debug|Any CPU
		{9BE8828F-9205-4546-95F7-E13DEA4388D6}.Debug|Any CPU.Build.0 = Debug|Any CPU
		{9BE8828F-9205-4546-95F7-E13DEA4388D6}.Debug|x64.ActiveCfg = Debug|Any CPU
		{9BE8828F-9205-4546-95F7-E13DEA4388D6}.Debug|x64.Build.0 = Debug|Any CPU
		{9BE8828F-9205-4546-95F7-E13DEA4388D6}.Debug|x86.ActiveCfg = Debug|Any CPU
		{9BE8828F-9205-4546-95F7-E13DEA4388D6}.Debug|x86.Build.0 = Debug|Any CPU
		{9BE8828F-9205-4546-95F7-E13DEA4388D6}.Release|Any CPU.ActiveCfg = Release|Any CPU
		{9BE8828F-9205-4546-95F7-E13DEA4388D6}.Release|Any CPU.Build.0 = Release|Any CPU
		{9BE8828F-9205-4546-95F7-E13DEA4388D6}.Release|x64.ActiveCfg = Release|Any CPU
		{9BE8828F-9205-4546-95F7-E13DEA4388D6}.Release|x64.Build.0 = Release|Any CPU
		{9BE8828F-9205-4546-95F7-E13DEA4388D6}.Release|x86.ActiveCfg = Release|Any CPU
		{9BE8828F-9205-4546-95F7-E13DEA4388D6}.Release|x86.Build.0 = Release|Any CPU
		{884ADA6C-9BF0-46B7-BAA2-BE504ABF380A}.Debug|Any CPU.ActiveCfg = Debug|Any CPU
		{884ADA6C-9BF0-46B7-BAA2-BE504ABF380A}.Debug|Any CPU.Build.0 = Debug|Any CPU
		{884ADA6C-9BF0-46B7-BAA2-BE504ABF380A}.Debug|x64.ActiveCfg = Debug|Any CPU
		{884ADA6C-9BF0-46B7-BAA2-BE504ABF380A}.Debug|x64.Build.0 = Debug|Any CPU
		{884ADA6C-9BF0-46B7-BAA2-BE504ABF380A}.Debug|x86.ActiveCfg = Debug|Any CPU
		{884ADA6C-9BF0-46B7-BAA2-BE504ABF380A}.Debug|x86.Build.0 = Debug|Any CPU
		{884ADA6C-9BF0-46B7-BAA2-BE504ABF380A}.Release|Any CPU.ActiveCfg = Release|Any CPU
		{884ADA6C-9BF0-46B7-BAA2-BE504ABF380A}.Release|Any CPU.Build.0 = Release|Any CPU
		{884ADA6C-9BF0-46B7-BAA2-BE504ABF380A}.Release|x64.ActiveCfg = Release|Any CPU
		{884ADA6C-9BF0-46B7-BAA2-BE504ABF380A}.Release|x64.Build.0 = Release|Any CPU
		{884ADA6C-9BF0-46B7-BAA2-BE504ABF380A}.Release|x86.ActiveCfg = Release|Any CPU
		{884ADA6C-9BF0-46B7-BAA2-BE504ABF380A}.Release|x86.Build.0 = Release|Any CPU
		{515FA09F-B96D-4B98-AA52-60E845BBDF52}.Debug|Any CPU.ActiveCfg = Debug|Any CPU
		{515FA09F-B96D-4B98-AA52-60E845BBDF52}.Debug|Any CPU.Build.0 = Debug|Any CPU
		{515FA09F-B96D-4B98-AA52-60E845BBDF52}.Debug|x64.ActiveCfg = Debug|Any CPU
		{515FA09F-B96D-4B98-AA52-60E845BBDF52}.Debug|x64.Build.0 = Debug|Any CPU
		{515FA09F-B96D-4B98-AA52-60E845BBDF52}.Debug|x86.ActiveCfg = Debug|Any CPU
		{515FA09F-B96D-4B98-AA52-60E845BBDF52}.Debug|x86.Build.0 = Debug|Any CPU
		{515FA09F-B96D-4B98-AA52-60E845BBDF52}.Release|Any CPU.ActiveCfg = Release|Any CPU
		{515FA09F-B96D-4B98-AA52-60E845BBDF52}.Release|Any CPU.Build.0 = Release|Any CPU
		{515FA09F-B96D-4B98-AA52-60E845BBDF52}.Release|x64.ActiveCfg = Release|Any CPU
		{515FA09F-B96D-4B98-AA52-60E845BBDF52}.Release|x64.Build.0 = Release|Any CPU
		{515FA09F-B96D-4B98-AA52-60E845BBDF52}.Release|x86.ActiveCfg = Release|Any CPU
		{515FA09F-B96D-4B98-AA52-60E845BBDF52}.Release|x86.Build.0 = Release|Any CPU
		{18D36AE1-561A-492F-9870-8ADD3899ABE1}.Debug|Any CPU.ActiveCfg = Debug|Any CPU
		{18D36AE1-561A-492F-9870-8ADD3899ABE1}.Debug|Any CPU.Build.0 = Debug|Any CPU
		{18D36AE1-561A-492F-9870-8ADD3899ABE1}.Debug|x64.ActiveCfg = Debug|Any CPU
		{18D36AE1-561A-492F-9870-8ADD3899ABE1}.Debug|x64.Build.0 = Debug|Any CPU
		{18D36AE1-561A-492F-9870-8ADD3899ABE1}.Debug|x86.ActiveCfg = Debug|Any CPU
		{18D36AE1-561A-492F-9870-8ADD3899ABE1}.Debug|x86.Build.0 = Debug|Any CPU
		{18D36AE1-561A-492F-9870-8ADD3899ABE1}.Release|Any CPU.ActiveCfg = Release|Any CPU
		{18D36AE1-561A-492F-9870-8ADD3899ABE1}.Release|Any CPU.Build.0 = Release|Any CPU
		{18D36AE1-561A-492F-9870-8ADD3899ABE1}.Release|x64.ActiveCfg = Release|Any CPU
		{18D36AE1-561A-492F-9870-8ADD3899ABE1}.Release|x64.Build.0 = Release|Any CPU
		{18D36AE1-561A-492F-9870-8ADD3899ABE1}.Release|x86.ActiveCfg = Release|Any CPU
		{18D36AE1-561A-492F-9870-8ADD3899ABE1}.Release|x86.Build.0 = Release|Any CPU
		{C52BF508-68B2-4069-A30D-69A226454DC9}.Debug|Any CPU.ActiveCfg = Debug|Any CPU
		{C52BF508-68B2-4069-A30D-69A226454DC9}.Debug|Any CPU.Build.0 = Debug|Any CPU
		{C52BF508-68B2-4069-A30D-69A226454DC9}.Debug|x64.ActiveCfg = Debug|Any CPU
		{C52BF508-68B2-4069-A30D-69A226454DC9}.Debug|x64.Build.0 = Debug|Any CPU
		{C52BF508-68B2-4069-A30D-69A226454DC9}.Debug|x86.ActiveCfg = Debug|Any CPU
		{C52BF508-68B2-4069-A30D-69A226454DC9}.Debug|x86.Build.0 = Debug|Any CPU
		{C52BF508-68B2-4069-A30D-69A226454DC9}.Release|Any CPU.ActiveCfg = Release|Any CPU
		{C52BF508-68B2-4069-A30D-69A226454DC9}.Release|Any CPU.Build.0 = Release|Any CPU
		{C52BF508-68B2-4069-A30D-69A226454DC9}.Release|x64.ActiveCfg = Release|Any CPU
		{C52BF508-68B2-4069-A30D-69A226454DC9}.Release|x64.Build.0 = Release|Any CPU
		{C52BF508-68B2-4069-A30D-69A226454DC9}.Release|x86.ActiveCfg = Release|Any CPU
		{C52BF508-68B2-4069-A30D-69A226454DC9}.Release|x86.Build.0 = Release|Any CPU
		{7FD4CF51-91B8-46D8-AD69-18BF6964CA85}.Debug|Any CPU.ActiveCfg = Debug|Any CPU
		{7FD4CF51-91B8-46D8-AD69-18BF6964CA85}.Debug|Any CPU.Build.0 = Debug|Any CPU
		{7FD4CF51-91B8-46D8-AD69-18BF6964CA85}.Debug|x64.ActiveCfg = Debug|Any CPU
		{7FD4CF51-91B8-46D8-AD69-18BF6964CA85}.Debug|x64.Build.0 = Debug|Any CPU
		{7FD4CF51-91B8-46D8-AD69-18BF6964CA85}.Debug|x86.ActiveCfg = Debug|Any CPU
		{7FD4CF51-91B8-46D8-AD69-18BF6964CA85}.Debug|x86.Build.0 = Debug|Any CPU
		{7FD4CF51-91B8-46D8-AD69-18BF6964CA85}.Release|Any CPU.ActiveCfg = Release|Any CPU
		{7FD4CF51-91B8-46D8-AD69-18BF6964CA85}.Release|Any CPU.Build.0 = Release|Any CPU
		{7FD4CF51-91B8-46D8-AD69-18BF6964CA85}.Release|x64.ActiveCfg = Release|Any CPU
		{7FD4CF51-91B8-46D8-AD69-18BF6964CA85}.Release|x64.Build.0 = Release|Any CPU
		{7FD4CF51-91B8-46D8-AD69-18BF6964CA85}.Release|x86.ActiveCfg = Release|Any CPU
		{7FD4CF51-91B8-46D8-AD69-18BF6964CA85}.Release|x86.Build.0 = Release|Any CPU
	EndGlobalSection
	GlobalSection(SolutionProperties) = preSolution
		HideSolutionNode = FALSE
	EndGlobalSection
	GlobalSection(NestedProjects) = preSolution
		{18D36AE1-561A-492F-9870-8ADD3899ABE1} = {62EEDFE7-31F2-8D6D-47ED-5A278EA97888}
	EndGlobalSection
EndGlobal
